
Microsoft Visual Studio Solution File, Format Version 12.00
# Visual Studio 15
VisualStudioVersion = 15.0.26228.9
MinimumVisualStudioVersion = 10.0.40219.1
Project("{FAE04EC0-301F-11D3-BF4B-00C04F79EFBC}") = "HClinic", "HClinic\HClinic.csproj", "{AABE5754-1A29-4DB2-BE6A-9C265EA319F1}"
EndProject
Project("{FAE04EC0-301F-11D3-BF4B-00C04F79EFBC}") = "HDatabaseConnection", "..\..\WindowsHDatabaseConnection\HDatabaseConnection\HDatabaseConnection.csproj", "{FC4D1EF0-D6DB-4A63-A437-4E3CBD788E6F}"
EndProject
Project("{FAE04EC0-301F-11D3-BF4B-00C04F79EFBC}") = "HModem", "..\..\WindowsHModem\HModem\HModem.csproj", "{BD8807F1-C267-4A39-9D51-7226941BAE78}"
EndProject
Global
	GlobalSection(SolutionConfigurationPlatforms) = preSolution
		Debug|Any CPU = Debug|Any CPU
		Release|Any CPU = Release|Any CPU
	EndGlobalSection
	GlobalSection(ProjectConfigurationPlatforms) = postSolution
		{AABE5754-1A29-4DB2-BE6A-9C265EA319F1}.Debug|Any CPU.ActiveCfg = Debug|Any CPU
		{AABE5754-1A29-4DB2-BE6A-9C265EA319F1}.Debug|Any CPU.Build.0 = Debug|Any CPU
		{AABE5754-1A29-4DB2-BE6A-9C265EA319F1}.Release|Any CPU.ActiveCfg = Release|Any CPU
		{AABE5754-1A29-4DB2-BE6A-9C265EA319F1}.Release|Any CPU.Build.0 = Release|Any CPU
		{FC4D1EF0-D6DB-4A63-A437-4E3CBD788E6F}.Debug|Any CPU.ActiveCfg = Debug|Any CPU
		{FC4D1EF0-D6DB-4A63-A437-4E3CBD788E6F}.Debug|Any CPU.Build.0 = Debug|Any CPU
		{FC4D1EF0-D6DB-4A63-A437-4E3CBD788E6F}.Release|Any CPU.ActiveCfg = Release|Any CPU
		{FC4D1EF0-D6DB-4A63-A437-4E3CBD788E6F}.Release|Any CPU.Build.0 = Release|Any CPU
		{BD8807F1-C267-4A39-9D51-7226941BAE78}.Debug|Any CPU.ActiveCfg = Debug|Any CPU
		{BD8807F1-C267-4A39-9D51-7226941BAE78}.Debug|Any CPU.Build.0 = Debug|Any CPU
		{BD8807F1-C267-4A39-9D51-7226941BAE78}.Release|Any CPU.ActiveCfg = Release|Any CPU
		{BD8807F1-C267-4A39-9D51-7226941BAE78}.Release|Any CPU.Build.0 = Release|Any CPU
	EndGlobalSection
	GlobalSection(SolutionProperties) = preSolution
		HideSolutionNode = FALSE
	EndGlobalSection
EndGlobal
